{
  "name": "kiln-qa-xterm",
  "lockfileVersion": 3,
  "requires": true,
  "packages": {
    "": {
      "name": "kiln-qa-xterm",
      "dependencies": {
        "@fontsource/jetbrains-mono": "5.1.1",
        "@xterm/xterm": "5.5.0"
      }
    },
    "node_modules/@fontsource/jetbrains-mono": {
      "version": "5.1.1",
      "resolved": "https://registry.npmjs.org/@fontsource/jetbrains-mono/-/jetbrains-mono-5.1.1.tgz",
      "integrity": "sha512-5rwvmdQQpXev4LlBX1P+7h2dguu6iwW/9Npjde4+DEq+HgpVJI/7QY8DI1NVVFdvLtXZNP+vO2L/5BQED6FUhA==",
      "license": "OFL-1.1"
    },
    "node_modules/@xterm/xterm": {
      "version": "5.5.0",
      "resolved": "https://registry.npmjs.org/@xterm/xterm/-/xterm-5.5.0.tgz",
      "integrity": "sha512-hqJHYaQb5OptNunnyAnkHyM8aCjZ1MEIDTQu1iIbbTD/xops91NB5yq1ZK/dC2JDbVWtF23zUtl9JE2NqwT87A==",
      "license": "MIT"
    }
  }
}
